// !$*UTF8*$!
{
	archiveVersion = 1;
	classes = {
	};
	objectVersion = 50;
	objects = {

/* Begin PBXBuildFile section */
		31302AFE2119828300A66704 /* AppDelegate.swift in Sources */ = {isa = PBXBuildFile; fileRef = 31302AFD2119828300A66704 /* AppDelegate.swift */; };
		31302B002119828300A66704 /* ViewController.swift in Sources */ = {isa = PBXBuildFile; fileRef = 31302AFF2119828300A66704 /* ViewController.swift */; };
		31302B032119828300A66704 /* Main.storyboard in Resources */ = {isa = PBXBuildFile; fileRef = 31302B012119828300A66704 /* Main.storyboard */; };
		31302B052119828800A66704 /* Assets.xcassets in Resources */ = {isa = PBXBuildFile; fileRef = 31302B042119828800A66704 /* Assets.xcassets */; };
		31302B082119828800A66704 /* LaunchScreen.storyboard in Resources */ = {isa = PBXBuildFile; fileRef = 31302B062119828800A66704 /* LaunchScreen.storyboard */; };
		31302B102119829C00A66704 /* DatePicker.xib in Resources */ = {isa = PBXBuildFile; fileRef = 31302B0F2119829C00A66704 /* DatePicker.xib */; };
		31302B122119879500A66704 /* DatePickerView.swift in Sources */ = {isa = PBXBuildFile; fileRef = 31302B112119879500A66704 /* DatePickerView.swift */; };
/* End PBXBuildFile section */

/* Begin PBXFileReference section */
		31302AFA2119828300A66704 /* 25-XIB Files.app */ = {isa = PBXFileReference; explicitFileType = wrapper.application; includeInIndex = 0; path = "25-XIB Files.app"; sourceTree = BUILT_PRODUCTS_DIR; };
		31302AFD2119828300A66704 /* AppDelegate.swift */ = {isa = PBXFileReference; lastKnownFileType = sourcecode.swift; path = AppDelegate.swift; sourceTree = "<group>"; };
		31302AFF2119828300A66704 /* ViewController.swift */ = {isa = PBXFileReference; lastKnownFileType = sourcecode.swift; path = ViewController.swift; sourceTree = "<group>"; };
		31302B022119828300A66704 /* Base */ = {isa = PBXFileReference; lastKnownFileType = file.storyboard; name = Base; path = Base.lproj/Main.storyboard; sourceTree = "<group>"; };
		31302B042119828800A66704 /* Assets.xcassets */ = {isa = PBXFileReference; lastKnownFileType = folder.assetcatalog; path = Assets.xcassets; sourceTree = "<group>"; };
		31302B072119828800A66704 /* Base */ = {isa = PBXFileReference; lastKnownFileType = file.storyboard; name = Base; path = Base.lproj/LaunchScreen.storyboard; sourceTree = "<group>"; };
		31302B092119828800A66704 /* Info.plist */ = {isa = PBXFileReference; lastKnownFileType = text.plist.xml; path = Info.plist; sourceTree = "<group>"; };
		31302B0F2119829C00A66704 /* DatePicker.xib */ = {isa = PBXFileReference; lastKnownFileType = file.xib; path = DatePicker.xib; sourceTree = "<group>"; };
		31302B112119879500A66704 /* DatePickerView.swift */ = {isa = PBXFileReference; lastKnownFileType = sourcecode.swift; path = DatePickerView.swift; sourceTree = "<group>"; };
/* End PBXFileReference section */

/* Begin PBXFrameworksBuildPhase section */
		31302AF72119828300A66704 /* Frameworks */ = {
			isa = PBXFrameworksBuildPhase;
			buildActionMask = 2147483647;
			files = (
			);
			runOnlyForDeploymentPostprocessing = 0;
		};
/* End PBXFrameworksBuildPhase section */

/* Begin PBXGroup section */
		31302AF12119828300A66704 = {
			isa = PBXGroup;
			children = (
				31302AFC2119828300A66704 /* 25-XIB Files */,
				31302AFB2119828300A66704 /* Products */,
			);
			sourceTree = "<group>";
		};
		31302AFB2119828300A66704 /* Products */ = {
			isa = PBXGroup;
			children = (
				31302AFA2119828300A66704 /* 25-XIB Files.app */,
			);
			name = Products;
			sourceTree = "<group>";
		};
		31302AFC2119828300A66704 /* 25-XIB Files */ = {
			isa = PBXGroup;
			children = (
				31302AFD2119828300A66704 /* AppDelegate.swift */,
				31302AFF2119828300A66704 /* ViewController.swift */,
				31302B012119828300A66704 /* Main.storyboard */,
				31302B112119879500A66704 /* DatePickerView.swift */,
				31302B0F2119829C00A66704 /* DatePicker.xib */,
				31302B042119828800A66704 /* Assets.xcassets */,
				31302B062119828800A66704 /* LaunchScreen.storyboard */,
				31302B092119828800A66704 /* Info.plist */,
			);
			path = "25-XIB Files";
			sourceTree = "<group>";
		};
/* End PBXGroup section */

/* Begin PBXNativeTarget section */
		31302AF92119828300A66704 /* 25-XIB Files */ = {
			isa = PBXNativeTarget;
			buildConfigurationList = 31302B0C2119828800A66704 /* Build configuration list for PBXNativeTarget "25-XIB Files" */;
			buildPhases = (
				31302AF62119828300A66704 /* Sources */,
				31302AF72119828300A66704 /* Frameworks */,
				31302AF82119828300A66704 /* Resources */,
			);
			buildRules = (
			);
			dependencies = (
			);
			name = "25-XIB Files";
			productName = "25-XIB Files";
			productReference = 31302AFA2119828300A66704 /* 25-XIB Files.app */;
			productType = "com.apple.product-type.application";
		};
/* End PBXNativeTarget section */

/* Begin PBXProject section */
		31302AF22119828300A66704 /* Project object */ = {
			isa = PBXProject;
			attributes = {
				LastSwiftUpdateCheck = 0940;
				LastUpgradeCheck = 0940;
				ORGANIZATIONNAME = "Dmitry Belyaev";
				TargetAttributes = {
					31302AF92119828300A66704 = {
						CreatedOnToolsVersion = 9.4.1;
					};
				};
			};
			buildConfigurationList = 31302AF52119828300A66704 /* Build configuration list for PBXProject "25-XIB Files" */;
			compatibilityVersion = "Xcode 9.3";
			developmentRegion = en;
			hasScannedForEncodings = 0;
			knownRegions = (
				en,
				Base,
			);
			mainGroup = 31302AF12119828300A66704;
			productRefGroup = 31302AFB2119828300A66704 /* Products */;
			projectDirPath = "";
			projectRoot = "";
			targets = (
				31302AF92119828300A66704 /* 25-XIB Files */,
			);
		};
/* End PBXProject section */

/* Begin PBXResourcesBuildPhase section */
		31302AF82119828300A66704 /* Resources */ = {
			isa = PBXResourcesBuildPhase;
			buildActionMask = 2147483647;
			files = (
				31302B102119829C00A66704 /* DatePicker.xib in Resources */,
				31302B082119828800A66704 /* LaunchScreen.storyboard in Resources */,
				31302B052119828800A66704 /* Assets.xcassets in Resources */,
				31302B032119828300A66704 /* Main.storyboard in Resources */,
			);
			runOnlyForDeploymentPostprocessing = 0;
		};
/* End PBXResourcesBuildPhase section */

/* Begin PBXSourcesBuildPhase section */
		31302AF62119828300A66704 /* Sources */ = {
			isa = PBXSourcesBuildPhase;
			buildActionMask = 2147483647;
			files = (
				31302B122119879500A66704 /* DatePickerView.swift in Sources */,
				31302B002119828300A66704 /* ViewController.swift in Sources */,
				31302AFE2119828300A66704 /* AppDelegate.swift in Sources */,
			);
			runOnlyForDeploymentPostprocessing = 0;
		};
/* End PBXSourcesBuildPhase section */

/* Begin PBXVariantGroup section */
		31302B012119828300A66704 /* Main.storyboard */ = {
			isa = PBXVariantGroup;
			children = (
				31302B022119828300A66704 /* Base */,
			);
			name = Main.storyboard;
			sourceTree = "<group>";
		};
		31302B062119828800A66704 /* LaunchScreen.storyboard */ = {
			isa = PBXVariantGroup;
			children = (
				31302B072119828800A66704 /* Base */,
			);
			name = LaunchScreen.storyboard;
			sourceTree = "<group>";
		};
/* End PBXVariantGroup section */

/* Begin XCBuildConfiguration section */
		31302B0A2119828800A66704 /* Debug */ = {
			isa = XCBuildConfiguration;
			buildSettings = {
				ALWAYS_SEARCH_USER_PATHS = NO;
				CLANG_ANALYZER_NONNULL = YES;
				CLANG_ANALYZER_NUMBER_OBJECT_CONVERSION = YES_AGGRESSIVE;
				CLANG_CXX_LANGUAGE_STANDARD = "gnu++14";
				CLANG_CXX_LIBRARY = "libc++";
				CLANG_ENABLE_MODULES = YES;
				CLANG_ENABLE_OBJC_ARC = YES;
				CLANG_ENABLE_OBJC_WEAK = YES;
				CLANG_WARN_BLOCK_CAPTURE_AUTORELEASING = YES;
				CLANG_WARN_BOOL_CONVERSION = YES;
				CLANG_WARN_COMMA = YES;
				CLANG_WARN_CONSTANT_CONVERSION = YES;
				CLANG_WARN_DEPRECATED_OBJC_IMPLEMENTATIONS = YES;
				CLANG_WARN_DIRECT_OBJC_ISA_USAGE = YES_ERROR;
				CLANG_WARN_DOCUMENTATION_COMMENTS = YES;
				CLANG_WARN_EMPTY_BODY = YES;
				CLANG_WARN_ENUM_CONVERSION = YES;
				CLANG_WARN_INFINITE_RECURSION = YES;
				CLANG_WARN_INT_CONVERSION = YES;
				CLANG_WARN_NON_LITERAL_NULL_CONVERSION = YES;
				CLANG_WARN_OBJC_IMPLICIT_RETAIN_SELF = YES;
				CLANG_WARN_OBJC_LITERAL_CONVERSION = YES;
				CLANG_WARN_OBJC_ROOT_CLASS = YES_ERROR;
				CLANG_WARN_RANGE_LOOP_ANALYSIS = YES;
				CLANG_WARN_STRICT_PROTOTYPES = YES;
				CLANG_WARN_SUSPICIOUS_MOVE = YES;
				CLANG_WARN_UNGUARDED_AVAILABILITY = YES_AGGRESSIVE;
				CLANG_WARN_UNREACHABLE_CODE = YES;
				CLANG_WARN__DUPLICATE_METHOD_MATCH = YES;
				CODE_SIGN_IDENTITY = "iPhone Developer";
				COPY_PHASE_STRIP = NO;
				DEBUG_INFORMATION_FORMAT = dwarf;
				ENABLE_STRICT_OBJC_MSGSEND = YES;
				ENABLE_TESTABILITY = YES;
				GCC_C_LANGUAGE_STANDARD = gnu11;
				GCC_DYNAMIC_NO_PIC = NO;
				GCC_NO_COMMON_BLOCKS = YES;
				GCC_OPTIMIZATION_LEVEL = 0;
				GCC_PREPROCESSOR_DEFINITIONS = (
					"DEBUG=1",
					"$(inherited)",
				);
				GCC_WARN_64_TO_32_BIT_CONVERSION = YES;
				GCC_WARN_ABOUT_RETURN_TYPE = YES_ERROR;
				GCC_WARN_UNDECLARED_SELECTOR = YES;
				GCC_WARN_UNINITIALIZED_AUTOS = YES_AGGRESSIVE;
				GCC_WARN_UNUSED_FUNCTION = YES;
				GCC_WARN_UNUSED_VARIABLE = YES;
				IPHONEOS_DEPLOYMENT_TARGET = 11.4;
				MTL_ENABLE_DEBUG_INFO = YES;
				ONLY_ACTIVE_ARCH = YES;
				SDKROOT = iphoneos;
				SWIFT_ACTIVE_COMPILATION_CONDITIONS = DEBUG;
				SWIFT_OPTIMIZATION_LEVEL = "-Onone";
			};
			name = Debug;
		};
		31302B0B2119828800A66704 /* Release */ = {
			isa = XCBuildConfiguration;
			buildSettings = {
				ALWAYS_SEARCH_USER_PATHS = NO;
				CLANG_ANALYZER_NONNULL = YES;
				CLANG_ANALYZER_NUMBER_OBJECT_CONVERSION = YES_AGGRESSIVE;
				CLANG_CXX_LANGUAGE_STANDARD = "gnu++14";
				CLANG_CXX_LIBRARY = "libc++";
				CLANG_ENABLE_MODULES = YES;
				CLANG_ENABLE_OBJC_ARC = YES;
				CLANG_ENABLE_OBJC_WEAK = YES;
				CLANG_WARN_BLOCK_CAPTURE_AUTORELEASING = YES;
				CLANG_WARN_BOOL_CONVERSION = YES;
				CLANG_WARN_COMMA = YES;
				CLANG_WARN_CONSTANT_CONVERSION = YES;
				CLANG_WARN_DEPRECATED_OBJC_IMPLEMENTATIONS = YES;
				CLANG_WARN_DIRECT_OBJC_ISA_USAGE = YES_ERROR;
				CLANG_WARN_DOCUMENTATION_COMMENTS = YES;
				CLANG_WARN_EMPTY_BODY = YES;
				CLANG_WARN_ENUM_CONVERSION = YES;
				CLANG_WARN_INFINITE_RECURSION = YES;
				CLANG_WARN_INT_CONVERSION = YES;
				CLANG_WARN_NON_LITERAL_NULL_CONVERSION = YES;
				CLANG_WARN_OBJC_IMPLICIT_RETAIN_SELF = YES;
				CLANG_WARN_OBJC_LITERAL_CONVERSION = YES;
				CLANG_WARN_OBJC_ROOT_CLASS = YES_ERROR;
				CLANG_WARN_RANGE_LOOP_ANALYSIS = YES;
				CLANG_WARN_STRICT_PROTOTYPES = YES;
				CLANG_WARN_SUSPICIOUS_MOVE = YES;
				CLANG_WARN_UNGUARDED_AVAILABILITY = YES_AGGRESSIVE;
				CLANG_WARN_UNREACHABLE_CODE = YES;
				CLANG_WARN__DUPLICATE_METHOD_MATCH = YES;
				CODE_SIGN_IDENTITY = "iPhone Developer";
				COPY_PHASE_STRIP = NO;
				DEBUG_INFORMATION_FORMAT = "dwarf-with-dsym";
				ENABLE_NS_ASSERTIONS = NO;
				ENABLE_STRICT_OBJC_MSGSEND = YES;
				GCC_C_LANGUAGE_STANDARD = gnu11;
				GCC_NO_COMMON_BLOCKS = YES;
				GCC_WARN_64_TO_32_BIT_CONVERSION = YES;
				GCC_WARN_ABOUT_RETURN_TYPE = YES_ERROR;
				GCC_WARN_UNDECLARED_SELECTOR = YES;
				GCC_WARN_UNINITIALIZED_AUTOS = YES_AGGRESSIVE;
				GCC_WARN_UNUSED_FUNCTION = YES;
				GCC_WARN_UNUSED_VARIABLE = YES;
				IPHONEOS_DEPLOYMENT_TARGET = 11.4;
				MTL_ENABLE_DEBUG_INFO = NO;
				SDKROOT = iphoneos;
				SWIFT_COMPILATION_MODE = wholemodule;
				SWIFT_OPTIMIZATION_LEVEL = "-O";
				VALIDATE_PRODUCT = YES;
			};
			name = Release;
		};
		31302B0D2119828800A66704 /* Debug */ = {
			isa = XCBuildConfiguration;
			buildSettings = {
				ASSETCATALOG_COMPILER_APPICON_NAME = AppIcon;
				CODE_SIGN_STYLE = Automatic;
				INFOPLIST_FILE = "25-XIB Files/Info.plist";
				LD_RUNPATH_SEARCH_PATHS = (
					"$(inherited)",
					"@executable_path/Frameworks",
				);
				PRODUCT_BUNDLE_IDENTIFIER = "ru.dmitry.belyaev.-5-XIB-Files";
				PRODUCT_NAME = "$(TARGET_NAME)";
				SWIFT_VERSION = 4.0;
				TARGETED_DEVICE_FAMILY = "1,2";
			};
			name = Debug;
		};
		31302B0E2119828800A66704 /* Release */ = {
			isa = XCBuildConfiguration;
			buildSettings = {
				ASSETCATALOG_COMPILER_APPICON_NAME = AppIcon;
				CODE_SIGN_STYLE = Automatic;
				INFOPLIST_FILE = "25-XIB Files/Info.plist";
				LD_RUNPATH_SEARCH_PATHS = (
					"$(inherited)",
					"@executable_path/Frameworks",
				);
				PRODUCT_BUNDLE_IDENTIFIER = "ru.dmitry.belyaev.-5-XIB-Files";
				PRODUCT_NAME = "$(TARGET_NAME)";
				SWIFT_VERSION = 4.0;
				TARGETED_DEVICE_FAMILY = "1,2";
			};
			name = Release;
		};
/* End XCBuildConfiguration section */

/* Begin XCConfigurationList section */
		31302AF52119828300A66704 /* Build configuration list for PBXProject "25-XIB Files" */ = {
			isa = XCConfigurationList;
			buildConfigurations = (
				31302B0A2119828800A66704 /* Debug */,
				31302B0B2119828800A66704 /* Release */,
			);
			defaultConfigurationIsVisible = 0;
			defaultConfigurationName = Release;
		};
		31302B0C2119828800A66704 /* Build configuration list for PBXNativeTarget "25-XIB Files" */ = {
			isa = XCConfigurationList;
			buildConfigurations = (
				31302B0D2119828800A66704 /* Debug */,
				31302B0E2119828800A66704 /* Release */,
			);
			defaultConfigurationIsVisible = 0;
			defaultConfigurationName = Release;
		};
/* End XCConfigurationList section */
	};
	rootObject = 31302AF22119828300A66704 /* Project object */;
}
