// !$*UTF8*$!
{
	archiveVersion = 1;
	classes = {
	};
	objectVersion = 50;
	objects = {

/* Begin PBXBuildFile section */
		31712FB221FE156C00FCEB54 /* AppDelegate.swift in Sources */ = {isa = PBXBuildFile; fileRef = 31712FB121FE156C00FCEB54 /* AppDelegate.swift */; };
		31712FB721FE156C00FCEB54 /* Main.storyboard in Resources */ = {isa = PBXBuildFile; fileRef = 31712FB521FE156C00FCEB54 /* Main.storyboard */; };
		31712FB921FE156E00FCEB54 /* Assets.xcassets in Resources */ = {isa = PBXBuildFile; fileRef = 31712FB821FE156E00FCEB54 /* Assets.xcassets */; };
		31712FBC21FE156E00FCEB54 /* LaunchScreen.storyboard in Resources */ = {isa = PBXBuildFile; fileRef = 31712FBA21FE156E00FCEB54 /* LaunchScreen.storyboard */; };
		31712FC521FE165A00FCEB54 /* Article.swift in Sources */ = {isa = PBXBuildFile; fileRef = 31712FC421FE165A00FCEB54 /* Article.swift */; };
		31712FC721FE16FB00FCEB54 /* Model.swift in Sources */ = {isa = PBXBuildFile; fileRef = 31712FC621FE16FB00FCEB54 /* Model.swift */; };
		31712FC921FE22EC00FCEB54 /* TableViewController.swift in Sources */ = {isa = PBXBuildFile; fileRef = 31712FC821FE22EC00FCEB54 /* TableViewController.swift */; };
		31712FCB21FE27D000FCEB54 /* OneNewsViewController.swift in Sources */ = {isa = PBXBuildFile; fileRef = 31712FCA21FE27D000FCEB54 /* OneNewsViewController.swift */; };
/* End PBXBuildFile section */

/* Begin PBXFileReference section */
		31712FAE21FE156C00FCEB54 /* NewsApp.app */ = {isa = PBXFileReference; explicitFileType = wrapper.application; includeInIndex = 0; path = NewsApp.app; sourceTree = BUILT_PRODUCTS_DIR; };
		31712FB121FE156C00FCEB54 /* AppDelegate.swift */ = {isa = PBXFileReference; lastKnownFileType = sourcecode.swift; path = AppDelegate.swift; sourceTree = "<group>"; };
		31712FB621FE156C00FCEB54 /* Base */ = {isa = PBXFileReference; lastKnownFileType = file.storyboard; name = Base; path = Base.lproj/Main.storyboard; sourceTree = "<group>"; };
		31712FB821FE156E00FCEB54 /* Assets.xcassets */ = {isa = PBXFileReference; lastKnownFileType = folder.assetcatalog; path = Assets.xcassets; sourceTree = "<group>"; };
		31712FBB21FE156E00FCEB54 /* Base */ = {isa = PBXFileReference; lastKnownFileType = file.storyboard; name = Base; path = Base.lproj/LaunchScreen.storyboard; sourceTree = "<group>"; };
		31712FBD21FE156E00FCEB54 /* Info.plist */ = {isa = PBXFileReference; lastKnownFileType = text.plist.xml; path = Info.plist; sourceTree = "<group>"; };
		31712FC421FE165A00FCEB54 /* Article.swift */ = {isa = PBXFileReference; lastKnownFileType = sourcecode.swift; path = Article.swift; sourceTree = "<group>"; };
		31712FC621FE16FB00FCEB54 /* Model.swift */ = {isa = PBXFileReference; lastKnownFileType = sourcecode.swift; path = Model.swift; sourceTree = "<group>"; };
		31712FC821FE22EC00FCEB54 /* TableViewController.swift */ = {isa = PBXFileReference; lastKnownFileType = sourcecode.swift; path = TableViewController.swift; sourceTree = "<group>"; };
		31712FCA21FE27D000FCEB54 /* OneNewsViewController.swift */ = {isa = PBXFileReference; lastKnownFileType = sourcecode.swift; path = OneNewsViewController.swift; sourceTree = "<group>"; };
/* End PBXFileReference section */

/* Begin PBXFrameworksBuildPhase section */
		31712FAB21FE156C00FCEB54 /* Frameworks */ = {
			isa = PBXFrameworksBuildPhase;
			buildActionMask = 2147483647;
			files = (
			);
			runOnlyForDeploymentPostprocessing = 0;
		};
/* End PBXFrameworksBuildPhase section */

/* Begin PBXGroup section */
		31712FA521FE156C00FCEB54 = {
			isa = PBXGroup;
			children = (
				31712FB021FE156C00FCEB54 /* NewsApp */,
				31712FAF21FE156C00FCEB54 /* Products */,
			);
			sourceTree = "<group>";
		};
		31712FAF21FE156C00FCEB54 /* Products */ = {
			isa = PBXGroup;
			children = (
				31712FAE21FE156C00FCEB54 /* NewsApp.app */,
			);
			name = Products;
			sourceTree = "<group>";
		};
		31712FB021FE156C00FCEB54 /* NewsApp */ = {
			isa = PBXGroup;
			children = (
				31712FC321FE164900FCEB54 /* Model */,
				31712FB121FE156C00FCEB54 /* AppDelegate.swift */,
				31712FB521FE156C00FCEB54 /* Main.storyboard */,
				31712FB821FE156E00FCEB54 /* Assets.xcassets */,
				31712FBA21FE156E00FCEB54 /* LaunchScreen.storyboard */,
				31712FBD21FE156E00FCEB54 /* Info.plist */,
				31712FC821FE22EC00FCEB54 /* TableViewController.swift */,
				31712FCA21FE27D000FCEB54 /* OneNewsViewController.swift */,
			);
			path = NewsApp;
			sourceTree = "<group>";
		};
		31712FC321FE164900FCEB54 /* Model */ = {
			isa = PBXGroup;
			children = (
				31712FC421FE165A00FCEB54 /* Article.swift */,
				31712FC621FE16FB00FCEB54 /* Model.swift */,
			);
			path = Model;
			sourceTree = "<group>";
		};
/* End PBXGroup section */

/* Begin PBXNativeTarget section */
		31712FAD21FE156C00FCEB54 /* NewsApp */ = {
			isa = PBXNativeTarget;
			buildConfigurationList = 31712FC021FE156E00FCEB54 /* Build configuration list for PBXNativeTarget "NewsApp" */;
			buildPhases = (
				31712FAA21FE156C00FCEB54 /* Sources */,
				31712FAB21FE156C00FCEB54 /* Frameworks */,
				31712FAC21FE156C00FCEB54 /* Resources */,
			);
			buildRules = (
			);
			dependencies = (
			);
			name = NewsApp;
			productName = NewsApp;
			productReference = 31712FAE21FE156C00FCEB54 /* NewsApp.app */;
			productType = "com.apple.product-type.application";
		};
/* End PBXNativeTarget section */

/* Begin PBXProject section */
		31712FA621FE156C00FCEB54 /* Project object */ = {
			isa = PBXProject;
			attributes = {
				LastSwiftUpdateCheck = 1010;
				LastUpgradeCheck = 1010;
				ORGANIZATIONNAME = "Dmitry Belyaev";
				TargetAttributes = {
					31712FAD21FE156C00FCEB54 = {
						CreatedOnToolsVersion = 10.1;
					};
				};
			};
			buildConfigurationList = 31712FA921FE156C00FCEB54 /* Build configuration list for PBXProject "NewsApp" */;
			compatibilityVersion = "Xcode 9.3";
			developmentRegion = en;
			hasScannedForEncodings = 0;
			knownRegions = (
				en,
				Base,
			);
			mainGroup = 31712FA521FE156C00FCEB54;
			productRefGroup = 31712FAF21FE156C00FCEB54 /* Products */;
			projectDirPath = "";
			projectRoot = "";
			targets = (
				31712FAD21FE156C00FCEB54 /* NewsApp */,
			);
		};
/* End PBXProject section */

/* Begin PBXResourcesBuildPhase section */
		31712FAC21FE156C00FCEB54 /* Resources */ = {
			isa = PBXResourcesBuildPhase;
			buildActionMask = 2147483647;
			files = (
				31712FBC21FE156E00FCEB54 /* LaunchScreen.storyboard in Resources */,
				31712FB921FE156E00FCEB54 /* Assets.xcassets in Resources */,
				31712FB721FE156C00FCEB54 /* Main.storyboard in Resources */,
			);
			runOnlyForDeploymentPostprocessing = 0;
		};
/* End PBXResourcesBuildPhase section */

/* Begin PBXSourcesBuildPhase section */
		31712FAA21FE156C00FCEB54 /* Sources */ = {
			isa = PBXSourcesBuildPhase;
			buildActionMask = 2147483647;
			files = (
				31712FCB21FE27D000FCEB54 /* OneNewsViewController.swift in Sources */,
				31712FB221FE156C00FCEB54 /* AppDelegate.swift in Sources */,
				31712FC521FE165A00FCEB54 /* Article.swift in Sources */,
				31712FC721FE16FB00FCEB54 /* Model.swift in Sources */,
				31712FC921FE22EC00FCEB54 /* TableViewController.swift in Sources */,
			);
			runOnlyForDeploymentPostprocessing = 0;
		};
/* End PBXSourcesBuildPhase section */

/* Begin PBXVariantGroup section */
		31712FB521FE156C00FCEB54 /* Main.storyboard */ = {
			isa = PBXVariantGroup;
			children = (
				31712FB621FE156C00FCEB54 /* Base */,
			);
			name = Main.storyboard;
			sourceTree = "<group>";
		};
		31712FBA21FE156E00FCEB54 /* LaunchScreen.storyboard */ = {
			isa = PBXVariantGroup;
			children = (
				31712FBB21FE156E00FCEB54 /* Base */,
			);
			name = LaunchScreen.storyboard;
			sourceTree = "<group>";
		};
/* End PBXVariantGroup section */

/* Begin XCBuildConfiguration section */
		31712FBE21FE156E00FCEB54 /* Debug */ = {
			isa = XCBuildConfiguration;
			buildSettings = {
				ALWAYS_SEARCH_USER_PATHS = NO;
				CLANG_ANALYZER_NONNULL = YES;
				CLANG_ANALYZER_NUMBER_OBJECT_CONVERSION = YES_AGGRESSIVE;
				CLANG_CXX_LANGUAGE_STANDARD = "gnu++14";
				CLANG_CXX_LIBRARY = "libc++";
				CLANG_ENABLE_MODULES = YES;
				CLANG_ENABLE_OBJC_ARC = YES;
				CLANG_ENABLE_OBJC_WEAK = YES;
				CLANG_WARN_BLOCK_CAPTURE_AUTORELEASING = YES;
				CLANG_WARN_BOOL_CONVERSION = YES;
				CLANG_WARN_COMMA = YES;
				CLANG_WARN_CONSTANT_CONVERSION = YES;
				CLANG_WARN_DEPRECATED_OBJC_IMPLEMENTATIONS = YES;
				CLANG_WARN_DIRECT_OBJC_ISA_USAGE = YES_ERROR;
				CLANG_WARN_DOCUMENTATION_COMMENTS = YES;
				CLANG_WARN_EMPTY_BODY = YES;
				CLANG_WARN_ENUM_CONVERSION = YES;
				CLANG_WARN_INFINITE_RECURSION = YES;
				CLANG_WARN_INT_CONVERSION = YES;
				CLANG_WARN_NON_LITERAL_NULL_CONVERSION = YES;
				CLANG_WARN_OBJC_IMPLICIT_RETAIN_SELF = YES;
				CLANG_WARN_OBJC_LITERAL_CONVERSION = YES;
				CLANG_WARN_OBJC_ROOT_CLASS = YES_ERROR;
				CLANG_WARN_RANGE_LOOP_ANALYSIS = YES;
				CLANG_WARN_STRICT_PROTOTYPES = YES;
				CLANG_WARN_SUSPICIOUS_MOVE = YES;
				CLANG_WARN_UNGUARDED_AVAILABILITY = YES_AGGRESSIVE;
				CLANG_WARN_UNREACHABLE_CODE = YES;
				CLANG_WARN__DUPLICATE_METHOD_MATCH = YES;
				CODE_SIGN_IDENTITY = "iPhone Developer";
				COPY_PHASE_STRIP = NO;
				DEBUG_INFORMATION_FORMAT = dwarf;
				ENABLE_STRICT_OBJC_MSGSEND = YES;
				ENABLE_TESTABILITY = YES;
				GCC_C_LANGUAGE_STANDARD = gnu11;
				GCC_DYNAMIC_NO_PIC = NO;
				GCC_NO_COMMON_BLOCKS = YES;
				GCC_OPTIMIZATION_LEVEL = 0;
				GCC_PREPROCESSOR_DEFINITIONS = (
					"DEBUG=1",
					"$(inherited)",
				);
				GCC_WARN_64_TO_32_BIT_CONVERSION = YES;
				GCC_WARN_ABOUT_RETURN_TYPE = YES_ERROR;
				GCC_WARN_UNDECLARED_SELECTOR = YES;
				GCC_WARN_UNINITIALIZED_AUTOS = YES_AGGRESSIVE;
				GCC_WARN_UNUSED_FUNCTION = YES;
				GCC_WARN_UNUSED_VARIABLE = YES;
				IPHONEOS_DEPLOYMENT_TARGET = 12.1;
				MTL_ENABLE_DEBUG_INFO = INCLUDE_SOURCE;
				MTL_FAST_MATH = YES;
				ONLY_ACTIVE_ARCH = YES;
				SDKROOT = iphoneos;
				SWIFT_ACTIVE_COMPILATION_CONDITIONS = DEBUG;
				SWIFT_OPTIMIZATION_LEVEL = "-Onone";
			};
			name = Debug;
		};
		31712FBF21FE156E00FCEB54 /* Release */ = {
			isa = XCBuildConfiguration;
			buildSettings = {
				ALWAYS_SEARCH_USER_PATHS = NO;
				CLANG_ANALYZER_NONNULL = YES;
				CLANG_ANALYZER_NUMBER_OBJECT_CONVERSION = YES_AGGRESSIVE;
				CLANG_CXX_LANGUAGE_STANDARD = "gnu++14";
				CLANG_CXX_LIBRARY = "libc++";
				CLANG_ENABLE_MODULES = YES;
				CLANG_ENABLE_OBJC_ARC = YES;
				CLANG_ENABLE_OBJC_WEAK = YES;
				CLANG_WARN_BLOCK_CAPTURE_AUTORELEASING = YES;
				CLANG_WARN_BOOL_CONVERSION = YES;
				CLANG_WARN_COMMA = YES;
				CLANG_WARN_CONSTANT_CONVERSION = YES;
				CLANG_WARN_DEPRECATED_OBJC_IMPLEMENTATIONS = YES;
				CLANG_WARN_DIRECT_OBJC_ISA_USAGE = YES_ERROR;
				CLANG_WARN_DOCUMENTATION_COMMENTS = YES;
				CLANG_WARN_EMPTY_BODY = YES;
				CLANG_WARN_ENUM_CONVERSION = YES;
				CLANG_WARN_INFINITE_RECURSION = YES;
				CLANG_WARN_INT_CONVERSION = YES;
				CLANG_WARN_NON_LITERAL_NULL_CONVERSION = YES;
				CLANG_WARN_OBJC_IMPLICIT_RETAIN_SELF = YES;
				CLANG_WARN_OBJC_LITERAL_CONVERSION = YES;
				CLANG_WARN_OBJC_ROOT_CLASS = YES_ERROR;
				CLANG_WARN_RANGE_LOOP_ANALYSIS = YES;
				CLANG_WARN_STRICT_PROTOTYPES = YES;
				CLANG_WARN_SUSPICIOUS_MOVE = YES;
				CLANG_WARN_UNGUARDED_AVAILABILITY = YES_AGGRESSIVE;
				CLANG_WARN_UNREACHABLE_CODE = YES;
				CLANG_WARN__DUPLICATE_METHOD_MATCH = YES;
				CODE_SIGN_IDENTITY = "iPhone Developer";
				COPY_PHASE_STRIP = NO;
				DEBUG_INFORMATION_FORMAT = "dwarf-with-dsym";
				ENABLE_NS_ASSERTIONS = NO;
				ENABLE_STRICT_OBJC_MSGSEND = YES;
				GCC_C_LANGUAGE_STANDARD = gnu11;
				GCC_NO_COMMON_BLOCKS = YES;
				GCC_WARN_64_TO_32_BIT_CONVERSION = YES;
				GCC_WARN_ABOUT_RETURN_TYPE = YES_ERROR;
				GCC_WARN_UNDECLARED_SELECTOR = YES;
				GCC_WARN_UNINITIALIZED_AUTOS = YES_AGGRESSIVE;
				GCC_WARN_UNUSED_FUNCTION = YES;
				GCC_WARN_UNUSED_VARIABLE = YES;
				IPHONEOS_DEPLOYMENT_TARGET = 12.1;
				MTL_ENABLE_DEBUG_INFO = NO;
				MTL_FAST_MATH = YES;
				SDKROOT = iphoneos;
				SWIFT_COMPILATION_MODE = wholemodule;
				SWIFT_OPTIMIZATION_LEVEL = "-O";
				VALIDATE_PRODUCT = YES;
			};
			name = Release;
		};
		31712FC121FE156E00FCEB54 /* Debug */ = {
			isa = XCBuildConfiguration;
			buildSettings = {
				ASSETCATALOG_COMPILER_APPICON_NAME = AppIcon;
				CODE_SIGN_STYLE = Automatic;
				DEVELOPMENT_TEAM = BP4MT8WDNF;
				INFOPLIST_FILE = NewsApp/Info.plist;
				LD_RUNPATH_SEARCH_PATHS = (
					"$(inherited)",
					"@executable_path/Frameworks",
				);
				PRODUCT_BUNDLE_IDENTIFIER = ru.dmitry.belyaev.NewsApp;
				PRODUCT_NAME = "$(TARGET_NAME)";
				SWIFT_VERSION = 4.2;
				TARGETED_DEVICE_FAMILY = "1,2";
			};
			name = Debug;
		};
		31712FC221FE156E00FCEB54 /* Release */ = {
			isa = XCBuildConfiguration;
			buildSettings = {
				ASSETCATALOG_COMPILER_APPICON_NAME = AppIcon;
				CODE_SIGN_STYLE = Automatic;
				DEVELOPMENT_TEAM = BP4MT8WDNF;
				INFOPLIST_FILE = NewsApp/Info.plist;
				LD_RUNPATH_SEARCH_PATHS = (
					"$(inherited)",
					"@executable_path/Frameworks",
				);
				PRODUCT_BUNDLE_IDENTIFIER = ru.dmitry.belyaev.NewsApp;
				PRODUCT_NAME = "$(TARGET_NAME)";
				SWIFT_VERSION = 4.2;
				TARGETED_DEVICE_FAMILY = "1,2";
			};
			name = Release;
		};
/* End XCBuildConfiguration section */

/* Begin XCConfigurationList section */
		31712FA921FE156C00FCEB54 /* Build configuration list for PBXProject "NewsApp" */ = {
			isa = XCConfigurationList;
			buildConfigurations = (
				31712FBE21FE156E00FCEB54 /* Debug */,
				31712FBF21FE156E00FCEB54 /* Release */,
			);
			defaultConfigurationIsVisible = 0;
			defaultConfigurationName = Release;
		};
		31712FC021FE156E00FCEB54 /* Build configuration list for PBXNativeTarget "NewsApp" */ = {
			isa = XCConfigurationList;
			buildConfigurations = (
				31712FC121FE156E00FCEB54 /* Debug */,
				31712FC221FE156E00FCEB54 /* Release */,
			);
			defaultConfigurationIsVisible = 0;
			defaultConfigurationName = Release;
		};
/* End XCConfigurationList section */
	};
	rootObject = 31712FA621FE156C00FCEB54 /* Project object */;
}
