// !$*UTF8*$!
{
	archiveVersion = 1;
	classes = {
	};
	objectVersion = 50;
	objects = {

/* Begin PBXBuildFile section */
		315EB7A32105BD6400BD415D /* AppDelegate.swift in Sources */ = {isa = PBXBuildFile; fileRef = 315EB7A22105BD6400BD415D /* AppDelegate.swift */; };
		315EB7A52105BD6400BD415D /* ViewController.swift in Sources */ = {isa = PBXBuildFile; fileRef = 315EB7A42105BD6400BD415D /* ViewController.swift */; };
		315EB7A82105BD6400BD415D /* Main.storyboard in Resources */ = {isa = PBXBuildFile; fileRef = 315EB7A62105BD6400BD415D /* Main.storyboard */; };
		315EB7AA2105BD6500BD415D /* Assets.xcassets in Resources */ = {isa = PBXBuildFile; fileRef = 315EB7A92105BD6500BD415D /* Assets.xcassets */; };
		315EB7AD2105BD6500BD415D /* LaunchScreen.storyboard in Resources */ = {isa = PBXBuildFile; fileRef = 315EB7AB2105BD6500BD415D /* LaunchScreen.storyboard */; };
		315EB7BC2105C2E700BD415D /* img.jpg in Resources */ = {isa = PBXBuildFile; fileRef = 315EB7BB2105C2E700BD415D /* img.jpg */; };
/* End PBXBuildFile section */

/* Begin PBXFileReference section */
		315EB79F2105BD6400BD415D /* 8 - UISlider.app */ = {isa = PBXFileReference; explicitFileType = wrapper.application; includeInIndex = 0; path = "8 - UISlider.app"; sourceTree = BUILT_PRODUCTS_DIR; };
		315EB7A22105BD6400BD415D /* AppDelegate.swift */ = {isa = PBXFileReference; lastKnownFileType = sourcecode.swift; path = AppDelegate.swift; sourceTree = "<group>"; };
		315EB7A42105BD6400BD415D /* ViewController.swift */ = {isa = PBXFileReference; lastKnownFileType = sourcecode.swift; path = ViewController.swift; sourceTree = "<group>"; };
		315EB7A72105BD6400BD415D /* Base */ = {isa = PBXFileReference; lastKnownFileType = file.storyboard; name = Base; path = Base.lproj/Main.storyboard; sourceTree = "<group>"; };
		315EB7A92105BD6500BD415D /* Assets.xcassets */ = {isa = PBXFileReference; lastKnownFileType = folder.assetcatalog; path = Assets.xcassets; sourceTree = "<group>"; };
		315EB7AC2105BD6500BD415D /* Base */ = {isa = PBXFileReference; lastKnownFileType = file.storyboard; name = Base; path = Base.lproj/LaunchScreen.storyboard; sourceTree = "<group>"; };
		315EB7AE2105BD6500BD415D /* Info.plist */ = {isa = PBXFileReference; lastKnownFileType = text.plist.xml; path = Info.plist; sourceTree = "<group>"; };
		315EB7BB2105C2E700BD415D /* img.jpg */ = {isa = PBXFileReference; lastKnownFileType = image.jpeg; path = img.jpg; sourceTree = "<group>"; };
/* End PBXFileReference section */

/* Begin PBXFrameworksBuildPhase section */
		315EB79C2105BD6400BD415D /* Frameworks */ = {
			isa = PBXFrameworksBuildPhase;
			buildActionMask = 2147483647;
			files = (
			);
			runOnlyForDeploymentPostprocessing = 0;
		};
/* End PBXFrameworksBuildPhase section */

/* Begin PBXGroup section */
		315EB7962105BD6400BD415D = {
			isa = PBXGroup;
			children = (
				315EB7A12105BD6400BD415D /* 8 - UISlider */,
				315EB7A02105BD6400BD415D /* Products */,
			);
			sourceTree = "<group>";
		};
		315EB7A02105BD6400BD415D /* Products */ = {
			isa = PBXGroup;
			children = (
				315EB79F2105BD6400BD415D /* 8 - UISlider.app */,
			);
			name = Products;
			sourceTree = "<group>";
		};
		315EB7A12105BD6400BD415D /* 8 - UISlider */ = {
			isa = PBXGroup;
			children = (
				315EB7BB2105C2E700BD415D /* img.jpg */,
				315EB7A22105BD6400BD415D /* AppDelegate.swift */,
				315EB7A42105BD6400BD415D /* ViewController.swift */,
				315EB7A62105BD6400BD415D /* Main.storyboard */,
				315EB7A92105BD6500BD415D /* Assets.xcassets */,
				315EB7AB2105BD6500BD415D /* LaunchScreen.storyboard */,
				315EB7AE2105BD6500BD415D /* Info.plist */,
			);
			path = "8 - UISlider";
			sourceTree = "<group>";
		};
/* End PBXGroup section */

/* Begin PBXNativeTarget section */
		315EB79E2105BD6400BD415D /* 8 - UISlider */ = {
			isa = PBXNativeTarget;
			buildConfigurationList = 315EB7B12105BD6500BD415D /* Build configuration list for PBXNativeTarget "8 - UISlider" */;
			buildPhases = (
				315EB79B2105BD6400BD415D /* Sources */,
				315EB79C2105BD6400BD415D /* Frameworks */,
				315EB79D2105BD6400BD415D /* Resources */,
			);
			buildRules = (
			);
			dependencies = (
			);
			name = "8 - UISlider";
			productName = "8 - UISlider";
			productReference = 315EB79F2105BD6400BD415D /* 8 - UISlider.app */;
			productType = "com.apple.product-type.application";
		};
/* End PBXNativeTarget section */

/* Begin PBXProject section */
		315EB7972105BD6400BD415D /* Project object */ = {
			isa = PBXProject;
			attributes = {
				LastSwiftUpdateCheck = 0940;
				LastUpgradeCheck = 0940;
				ORGANIZATIONNAME = "Dmitry Belyaev";
				TargetAttributes = {
					315EB79E2105BD6400BD415D = {
						CreatedOnToolsVersion = 9.4.1;
					};
				};
			};
			buildConfigurationList = 315EB79A2105BD6400BD415D /* Build configuration list for PBXProject "8 - UISlider" */;
			compatibilityVersion = "Xcode 9.3";
			developmentRegion = en;
			hasScannedForEncodings = 0;
			knownRegions = (
				en,
				Base,
			);
			mainGroup = 315EB7962105BD6400BD415D;
			productRefGroup = 315EB7A02105BD6400BD415D /* Products */;
			projectDirPath = "";
			projectRoot = "";
			targets = (
				315EB79E2105BD6400BD415D /* 8 - UISlider */,
			);
		};
/* End PBXProject section */

/* Begin PBXResourcesBuildPhase section */
		315EB79D2105BD6400BD415D /* Resources */ = {
			isa = PBXResourcesBuildPhase;
			buildActionMask = 2147483647;
			files = (
				315EB7AD2105BD6500BD415D /* LaunchScreen.storyboard in Resources */,
				315EB7AA2105BD6500BD415D /* Assets.xcassets in Resources */,
				315EB7A82105BD6400BD415D /* Main.storyboard in Resources */,
				315EB7BC2105C2E700BD415D /* img.jpg in Resources */,
			);
			runOnlyForDeploymentPostprocessing = 0;
		};
/* End PBXResourcesBuildPhase section */

/* Begin PBXSourcesBuildPhase section */
		315EB79B2105BD6400BD415D /* Sources */ = {
			isa = PBXSourcesBuildPhase;
			buildActionMask = 2147483647;
			files = (
				315EB7A52105BD6400BD415D /* ViewController.swift in Sources */,
				315EB7A32105BD6400BD415D /* AppDelegate.swift in Sources */,
			);
			runOnlyForDeploymentPostprocessing = 0;
		};
/* End PBXSourcesBuildPhase section */

/* Begin PBXVariantGroup section */
		315EB7A62105BD6400BD415D /* Main.storyboard */ = {
			isa = PBXVariantGroup;
			children = (
				315EB7A72105BD6400BD415D /* Base */,
			);
			name = Main.storyboard;
			sourceTree = "<group>";
		};
		315EB7AB2105BD6500BD415D /* LaunchScreen.storyboard */ = {
			isa = PBXVariantGroup;
			children = (
				315EB7AC2105BD6500BD415D /* Base */,
			);
			name = LaunchScreen.storyboard;
			sourceTree = "<group>";
		};
/* End PBXVariantGroup section */

/* Begin XCBuildConfiguration section */
		315EB7AF2105BD6500BD415D /* Debug */ = {
			isa = XCBuildConfiguration;
			buildSettings = {
				ALWAYS_SEARCH_USER_PATHS = NO;
				CLANG_ANALYZER_NONNULL = YES;
				CLANG_ANALYZER_NUMBER_OBJECT_CONVERSION = YES_AGGRESSIVE;
				CLANG_CXX_LANGUAGE_STANDARD = "gnu++14";
				CLANG_CXX_LIBRARY = "libc++";
				CLANG_ENABLE_MODULES = YES;
				CLANG_ENABLE_OBJC_ARC = YES;
				CLANG_ENABLE_OBJC_WEAK = YES;
				CLANG_WARN_BLOCK_CAPTURE_AUTORELEASING = YES;
				CLANG_WARN_BOOL_CONVERSION = YES;
				CLANG_WARN_COMMA = YES;
				CLANG_WARN_CONSTANT_CONVERSION = YES;
				CLANG_WARN_DEPRECATED_OBJC_IMPLEMENTATIONS = YES;
				CLANG_WARN_DIRECT_OBJC_ISA_USAGE = YES_ERROR;
				CLANG_WARN_DOCUMENTATION_COMMENTS = YES;
				CLANG_WARN_EMPTY_BODY = YES;
				CLANG_WARN_ENUM_CONVERSION = YES;
				CLANG_WARN_INFINITE_RECURSION = YES;
				CLANG_WARN_INT_CONVERSION = YES;
				CLANG_WARN_NON_LITERAL_NULL_CONVERSION = YES;
				CLANG_WARN_OBJC_IMPLICIT_RETAIN_SELF = YES;
				CLANG_WARN_OBJC_LITERAL_CONVERSION = YES;
				CLANG_WARN_OBJC_ROOT_CLASS = YES_ERROR;
				CLANG_WARN_RANGE_LOOP_ANALYSIS = YES;
				CLANG_WARN_STRICT_PROTOTYPES = YES;
				CLANG_WARN_SUSPICIOUS_MOVE = YES;
				CLANG_WARN_UNGUARDED_AVAILABILITY = YES_AGGRESSIVE;
				CLANG_WARN_UNREACHABLE_CODE = YES;
				CLANG_WARN__DUPLICATE_METHOD_MATCH = YES;
				CODE_SIGN_IDENTITY = "iPhone Developer";
				COPY_PHASE_STRIP = NO;
				DEBUG_INFORMATION_FORMAT = dwarf;
				ENABLE_STRICT_OBJC_MSGSEND = YES;
				ENABLE_TESTABILITY = YES;
				GCC_C_LANGUAGE_STANDARD = gnu11;
				GCC_DYNAMIC_NO_PIC = NO;
				GCC_NO_COMMON_BLOCKS = YES;
				GCC_OPTIMIZATION_LEVEL = 0;
				GCC_PREPROCESSOR_DEFINITIONS = (
					"DEBUG=1",
					"$(inherited)",
				);
				GCC_WARN_64_TO_32_BIT_CONVERSION = YES;
				GCC_WARN_ABOUT_RETURN_TYPE = YES_ERROR;
				GCC_WARN_UNDECLARED_SELECTOR = YES;
				GCC_WARN_UNINITIALIZED_AUTOS = YES_AGGRESSIVE;
				GCC_WARN_UNUSED_FUNCTION = YES;
				GCC_WARN_UNUSED_VARIABLE = YES;
				IPHONEOS_DEPLOYMENT_TARGET = 11.4;
				MTL_ENABLE_DEBUG_INFO = YES;
				ONLY_ACTIVE_ARCH = YES;
				SDKROOT = iphoneos;
				SWIFT_ACTIVE_COMPILATION_CONDITIONS = DEBUG;
				SWIFT_OPTIMIZATION_LEVEL = "-Onone";
			};
			name = Debug;
		};
		315EB7B02105BD6500BD415D /* Release */ = {
			isa = XCBuildConfiguration;
			buildSettings = {
				ALWAYS_SEARCH_USER_PATHS = NO;
				CLANG_ANALYZER_NONNULL = YES;
				CLANG_ANALYZER_NUMBER_OBJECT_CONVERSION = YES_AGGRESSIVE;
				CLANG_CXX_LANGUAGE_STANDARD = "gnu++14";
				CLANG_CXX_LIBRARY = "libc++";
				CLANG_ENABLE_MODULES = YES;
				CLANG_ENABLE_OBJC_ARC = YES;
				CLANG_ENABLE_OBJC_WEAK = YES;
				CLANG_WARN_BLOCK_CAPTURE_AUTORELEASING = YES;
				CLANG_WARN_BOOL_CONVERSION = YES;
				CLANG_WARN_COMMA = YES;
				CLANG_WARN_CONSTANT_CONVERSION = YES;
				CLANG_WARN_DEPRECATED_OBJC_IMPLEMENTATIONS = YES;
				CLANG_WARN_DIRECT_OBJC_ISA_USAGE = YES_ERROR;
				CLANG_WARN_DOCUMENTATION_COMMENTS = YES;
				CLANG_WARN_EMPTY_BODY = YES;
				CLANG_WARN_ENUM_CONVERSION = YES;
				CLANG_WARN_INFINITE_RECURSION = YES;
				CLANG_WARN_INT_CONVERSION = YES;
				CLANG_WARN_NON_LITERAL_NULL_CONVERSION = YES;
				CLANG_WARN_OBJC_IMPLICIT_RETAIN_SELF = YES;
				CLANG_WARN_OBJC_LITERAL_CONVERSION = YES;
				CLANG_WARN_OBJC_ROOT_CLASS = YES_ERROR;
				CLANG_WARN_RANGE_LOOP_ANALYSIS = YES;
				CLANG_WARN_STRICT_PROTOTYPES = YES;
				CLANG_WARN_SUSPICIOUS_MOVE = YES;
				CLANG_WARN_UNGUARDED_AVAILABILITY = YES_AGGRESSIVE;
				CLANG_WARN_UNREACHABLE_CODE = YES;
				CLANG_WARN__DUPLICATE_METHOD_MATCH = YES;
				CODE_SIGN_IDENTITY = "iPhone Developer";
				COPY_PHASE_STRIP = NO;
				DEBUG_INFORMATION_FORMAT = "dwarf-with-dsym";
				ENABLE_NS_ASSERTIONS = NO;
				ENABLE_STRICT_OBJC_MSGSEND = YES;
				GCC_C_LANGUAGE_STANDARD = gnu11;
				GCC_NO_COMMON_BLOCKS = YES;
				GCC_WARN_64_TO_32_BIT_CONVERSION = YES;
				GCC_WARN_ABOUT_RETURN_TYPE = YES_ERROR;
				GCC_WARN_UNDECLARED_SELECTOR = YES;
				GCC_WARN_UNINITIALIZED_AUTOS = YES_AGGRESSIVE;
				GCC_WARN_UNUSED_FUNCTION = YES;
				GCC_WARN_UNUSED_VARIABLE = YES;
				IPHONEOS_DEPLOYMENT_TARGET = 11.4;
				MTL_ENABLE_DEBUG_INFO = NO;
				SDKROOT = iphoneos;
				SWIFT_COMPILATION_MODE = wholemodule;
				SWIFT_OPTIMIZATION_LEVEL = "-O";
				VALIDATE_PRODUCT = YES;
			};
			name = Release;
		};
		315EB7B22105BD6500BD415D /* Debug */ = {
			isa = XCBuildConfiguration;
			buildSettings = {
				ASSETCATALOG_COMPILER_APPICON_NAME = AppIcon;
				CODE_SIGN_STYLE = Automatic;
				INFOPLIST_FILE = "8 - UISlider/Info.plist";
				LD_RUNPATH_SEARCH_PATHS = (
					"$(inherited)",
					"@executable_path/Frameworks",
				);
				PRODUCT_BUNDLE_IDENTIFIER = "ru.dmitry.belyaev.----UISlider";
				PRODUCT_NAME = "$(TARGET_NAME)";
				SWIFT_VERSION = 4.0;
				TARGETED_DEVICE_FAMILY = "1,2";
			};
			name = Debug;
		};
		315EB7B32105BD6500BD415D /* Release */ = {
			isa = XCBuildConfiguration;
			buildSettings = {
				ASSETCATALOG_COMPILER_APPICON_NAME = AppIcon;
				CODE_SIGN_STYLE = Automatic;
				INFOPLIST_FILE = "8 - UISlider/Info.plist";
				LD_RUNPATH_SEARCH_PATHS = (
					"$(inherited)",
					"@executable_path/Frameworks",
				);
				PRODUCT_BUNDLE_IDENTIFIER = "ru.dmitry.belyaev.----UISlider";
				PRODUCT_NAME = "$(TARGET_NAME)";
				SWIFT_VERSION = 4.0;
				TARGETED_DEVICE_FAMILY = "1,2";
			};
			name = Release;
		};
/* End XCBuildConfiguration section */

/* Begin XCConfigurationList section */
		315EB79A2105BD6400BD415D /* Build configuration list for PBXProject "8 - UISlider" */ = {
			isa = XCConfigurationList;
			buildConfigurations = (
				315EB7AF2105BD6500BD415D /* Debug */,
				315EB7B02105BD6500BD415D /* Release */,
			);
			defaultConfigurationIsVisible = 0;
			defaultConfigurationName = Release;
		};
		315EB7B12105BD6500BD415D /* Build configuration list for PBXNativeTarget "8 - UISlider" */ = {
			isa = XCConfigurationList;
			buildConfigurations = (
				315EB7B22105BD6500BD415D /* Debug */,
				315EB7B32105BD6500BD415D /* Release */,
			);
			defaultConfigurationIsVisible = 0;
			defaultConfigurationName = Release;
		};
/* End XCConfigurationList section */
	};
	rootObject = 315EB7972105BD6400BD415D /* Project object */;
}
