// !$*UTF8*$!
{
	archiveVersion = 1;
	classes = {
	};
	objectVersion = 50;
	objects = {

/* Begin PBXBuildFile section */
		31D667782360E215001AB63D /* AppDelegate.swift in Sources */ = {isa = PBXBuildFile; fileRef = 31D667772360E215001AB63D /* AppDelegate.swift */; };
		31D6677A2360E215001AB63D /* SceneDelegate.swift in Sources */ = {isa = PBXBuildFile; fileRef = 31D667792360E215001AB63D /* SceneDelegate.swift */; };
		31D6677F2360E215001AB63D /* Main.storyboard in Resources */ = {isa = PBXBuildFile; fileRef = 31D6677D2360E215001AB63D /* Main.storyboard */; };
		31D667812360E217001AB63D /* Assets.xcassets in Resources */ = {isa = PBXBuildFile; fileRef = 31D667802360E217001AB63D /* Assets.xcassets */; };
		31D667842360E217001AB63D /* LaunchScreen.storyboard in Resources */ = {isa = PBXBuildFile; fileRef = 31D667822360E217001AB63D /* LaunchScreen.storyboard */; };
		31D6678C2360E5AE001AB63D /* HolidaysTableViewController.swift in Sources */ = {isa = PBXBuildFile; fileRef = 31D6678B2360E5AE001AB63D /* HolidaysTableViewController.swift */; };
		31D6678E2360E763001AB63D /* Holiday.swift in Sources */ = {isa = PBXBuildFile; fileRef = 31D6678D2360E763001AB63D /* Holiday.swift */; };
		31D667902360E863001AB63D /* HolidayRequest.swift in Sources */ = {isa = PBXBuildFile; fileRef = 31D6678F2360E863001AB63D /* HolidayRequest.swift */; };
/* End PBXBuildFile section */

/* Begin PBXFileReference section */
		31D667742360E215001AB63D /* CalendarificApiExample.app */ = {isa = PBXFileReference; explicitFileType = wrapper.application; includeInIndex = 0; path = CalendarificApiExample.app; sourceTree = BUILT_PRODUCTS_DIR; };
		31D667772360E215001AB63D /* AppDelegate.swift */ = {isa = PBXFileReference; lastKnownFileType = sourcecode.swift; path = AppDelegate.swift; sourceTree = "<group>"; };
		31D667792360E215001AB63D /* SceneDelegate.swift */ = {isa = PBXFileReference; lastKnownFileType = sourcecode.swift; path = SceneDelegate.swift; sourceTree = "<group>"; };
		31D6677E2360E215001AB63D /* Base */ = {isa = PBXFileReference; lastKnownFileType = file.storyboard; name = Base; path = Base.lproj/Main.storyboard; sourceTree = "<group>"; };
		31D667802360E217001AB63D /* Assets.xcassets */ = {isa = PBXFileReference; lastKnownFileType = folder.assetcatalog; path = Assets.xcassets; sourceTree = "<group>"; };
		31D667832360E217001AB63D /* Base */ = {isa = PBXFileReference; lastKnownFileType = file.storyboard; name = Base; path = Base.lproj/LaunchScreen.storyboard; sourceTree = "<group>"; };
		31D667852360E217001AB63D /* Info.plist */ = {isa = PBXFileReference; lastKnownFileType = text.plist.xml; path = Info.plist; sourceTree = "<group>"; };
		31D6678B2360E5AE001AB63D /* HolidaysTableViewController.swift */ = {isa = PBXFileReference; lastKnownFileType = sourcecode.swift; path = HolidaysTableViewController.swift; sourceTree = "<group>"; };
		31D6678D2360E763001AB63D /* Holiday.swift */ = {isa = PBXFileReference; lastKnownFileType = sourcecode.swift; path = Holiday.swift; sourceTree = "<group>"; };
		31D6678F2360E863001AB63D /* HolidayRequest.swift */ = {isa = PBXFileReference; lastKnownFileType = sourcecode.swift; path = HolidayRequest.swift; sourceTree = "<group>"; };
/* End PBXFileReference section */

/* Begin PBXFrameworksBuildPhase section */
		31D667712360E215001AB63D /* Frameworks */ = {
			isa = PBXFrameworksBuildPhase;
			buildActionMask = 2147483647;
			files = (
			);
			runOnlyForDeploymentPostprocessing = 0;
		};
/* End PBXFrameworksBuildPhase section */

/* Begin PBXGroup section */
		31D6676B2360E215001AB63D = {
			isa = PBXGroup;
			children = (
				31D667762360E215001AB63D /* CalendarificApiExample */,
				31D667752360E215001AB63D /* Products */,
			);
			sourceTree = "<group>";
		};
		31D667752360E215001AB63D /* Products */ = {
			isa = PBXGroup;
			children = (
				31D667742360E215001AB63D /* CalendarificApiExample.app */,
			);
			name = Products;
			sourceTree = "<group>";
		};
		31D667762360E215001AB63D /* CalendarificApiExample */ = {
			isa = PBXGroup;
			children = (
				31D667772360E215001AB63D /* AppDelegate.swift */,
				31D667792360E215001AB63D /* SceneDelegate.swift */,
				31D6677D2360E215001AB63D /* Main.storyboard */,
				31D667802360E217001AB63D /* Assets.xcassets */,
				31D667822360E217001AB63D /* LaunchScreen.storyboard */,
				31D667852360E217001AB63D /* Info.plist */,
				31D6678B2360E5AE001AB63D /* HolidaysTableViewController.swift */,
				31D6678D2360E763001AB63D /* Holiday.swift */,
				31D6678F2360E863001AB63D /* HolidayRequest.swift */,
			);
			path = CalendarificApiExample;
			sourceTree = "<group>";
		};
/* End PBXGroup section */

/* Begin PBXNativeTarget section */
		31D667732360E215001AB63D /* CalendarificApiExample */ = {
			isa = PBXNativeTarget;
			buildConfigurationList = 31D667882360E217001AB63D /* Build configuration list for PBXNativeTarget "CalendarificApiExample" */;
			buildPhases = (
				31D667702360E215001AB63D /* Sources */,
				31D667712360E215001AB63D /* Frameworks */,
				31D667722360E215001AB63D /* Resources */,
			);
			buildRules = (
			);
			dependencies = (
			);
			name = CalendarificApiExample;
			productName = CalendarificApiExample;
			productReference = 31D667742360E215001AB63D /* CalendarificApiExample.app */;
			productType = "com.apple.product-type.application";
		};
/* End PBXNativeTarget section */

/* Begin PBXProject section */
		31D6676C2360E215001AB63D /* Project object */ = {
			isa = PBXProject;
			attributes = {
				LastSwiftUpdateCheck = 1100;
				LastUpgradeCheck = 1100;
				ORGANIZATIONNAME = "Dmitry Belyaev";
				TargetAttributes = {
					31D667732360E215001AB63D = {
						CreatedOnToolsVersion = 11.0;
					};
				};
			};
			buildConfigurationList = 31D6676F2360E215001AB63D /* Build configuration list for PBXProject "CalendarificApiExample" */;
			compatibilityVersion = "Xcode 9.3";
			developmentRegion = en;
			hasScannedForEncodings = 0;
			knownRegions = (
				en,
				Base,
			);
			mainGroup = 31D6676B2360E215001AB63D;
			productRefGroup = 31D667752360E215001AB63D /* Products */;
			projectDirPath = "";
			projectRoot = "";
			targets = (
				31D667732360E215001AB63D /* CalendarificApiExample */,
			);
		};
/* End PBXProject section */

/* Begin PBXResourcesBuildPhase section */
		31D667722360E215001AB63D /* Resources */ = {
			isa = PBXResourcesBuildPhase;
			buildActionMask = 2147483647;
			files = (
				31D667842360E217001AB63D /* LaunchScreen.storyboard in Resources */,
				31D667812360E217001AB63D /* Assets.xcassets in Resources */,
				31D6677F2360E215001AB63D /* Main.storyboard in Resources */,
			);
			runOnlyForDeploymentPostprocessing = 0;
		};
/* End PBXResourcesBuildPhase section */

/* Begin PBXSourcesBuildPhase section */
		31D667702360E215001AB63D /* Sources */ = {
			isa = PBXSourcesBuildPhase;
			buildActionMask = 2147483647;
			files = (
				31D6678C2360E5AE001AB63D /* HolidaysTableViewController.swift in Sources */,
				31D667902360E863001AB63D /* HolidayRequest.swift in Sources */,
				31D667782360E215001AB63D /* AppDelegate.swift in Sources */,
				31D6678E2360E763001AB63D /* Holiday.swift in Sources */,
				31D6677A2360E215001AB63D /* SceneDelegate.swift in Sources */,
			);
			runOnlyForDeploymentPostprocessing = 0;
		};
/* End PBXSourcesBuildPhase section */

/* Begin PBXVariantGroup section */
		31D6677D2360E215001AB63D /* Main.storyboard */ = {
			isa = PBXVariantGroup;
			children = (
				31D6677E2360E215001AB63D /* Base */,
			);
			name = Main.storyboard;
			sourceTree = "<group>";
		};
		31D667822360E217001AB63D /* LaunchScreen.storyboard */ = {
			isa = PBXVariantGroup;
			children = (
				31D667832360E217001AB63D /* Base */,
			);
			name = LaunchScreen.storyboard;
			sourceTree = "<group>";
		};
/* End PBXVariantGroup section */

/* Begin XCBuildConfiguration section */
		31D667862360E217001AB63D /* Debug */ = {
			isa = XCBuildConfiguration;
			buildSettings = {
				ALWAYS_SEARCH_USER_PATHS = NO;
				CLANG_ANALYZER_NONNULL = YES;
				CLANG_ANALYZER_NUMBER_OBJECT_CONVERSION = YES_AGGRESSIVE;
				CLANG_CXX_LANGUAGE_STANDARD = "gnu++14";
				CLANG_CXX_LIBRARY = "libc++";
				CLANG_ENABLE_MODULES = YES;
				CLANG_ENABLE_OBJC_ARC = YES;
				CLANG_ENABLE_OBJC_WEAK = YES;
				CLANG_WARN_BLOCK_CAPTURE_AUTORELEASING = YES;
				CLANG_WARN_BOOL_CONVERSION = YES;
				CLANG_WARN_COMMA = YES;
				CLANG_WARN_CONSTANT_CONVERSION = YES;
				CLANG_WARN_DEPRECATED_OBJC_IMPLEMENTATIONS = YES;
				CLANG_WARN_DIRECT_OBJC_ISA_USAGE = YES_ERROR;
				CLANG_WARN_DOCUMENTATION_COMMENTS = YES;
				CLANG_WARN_EMPTY_BODY = YES;
				CLANG_WARN_ENUM_CONVERSION = YES;
				CLANG_WARN_INFINITE_RECURSION = YES;
				CLANG_WARN_INT_CONVERSION = YES;
				CLANG_WARN_NON_LITERAL_NULL_CONVERSION = YES;
				CLANG_WARN_OBJC_IMPLICIT_RETAIN_SELF = YES;
				CLANG_WARN_OBJC_LITERAL_CONVERSION = YES;
				CLANG_WARN_OBJC_ROOT_CLASS = YES_ERROR;
				CLANG_WARN_RANGE_LOOP_ANALYSIS = YES;
				CLANG_WARN_STRICT_PROTOTYPES = YES;
				CLANG_WARN_SUSPICIOUS_MOVE = YES;
				CLANG_WARN_UNGUARDED_AVAILABILITY = YES_AGGRESSIVE;
				CLANG_WARN_UNREACHABLE_CODE = YES;
				CLANG_WARN__DUPLICATE_METHOD_MATCH = YES;
				COPY_PHASE_STRIP = NO;
				DEBUG_INFORMATION_FORMAT = dwarf;
				ENABLE_STRICT_OBJC_MSGSEND = YES;
				ENABLE_TESTABILITY = YES;
				GCC_C_LANGUAGE_STANDARD = gnu11;
				GCC_DYNAMIC_NO_PIC = NO;
				GCC_NO_COMMON_BLOCKS = YES;
				GCC_OPTIMIZATION_LEVEL = 0;
				GCC_PREPROCESSOR_DEFINITIONS = (
					"DEBUG=1",
					"$(inherited)",
				);
				GCC_WARN_64_TO_32_BIT_CONVERSION = YES;
				GCC_WARN_ABOUT_RETURN_TYPE = YES_ERROR;
				GCC_WARN_UNDECLARED_SELECTOR = YES;
				GCC_WARN_UNINITIALIZED_AUTOS = YES_AGGRESSIVE;
				GCC_WARN_UNUSED_FUNCTION = YES;
				GCC_WARN_UNUSED_VARIABLE = YES;
				IPHONEOS_DEPLOYMENT_TARGET = 13.0;
				MTL_ENABLE_DEBUG_INFO = INCLUDE_SOURCE;
				MTL_FAST_MATH = YES;
				ONLY_ACTIVE_ARCH = YES;
				SDKROOT = iphoneos;
				SWIFT_ACTIVE_COMPILATION_CONDITIONS = DEBUG;
				SWIFT_OPTIMIZATION_LEVEL = "-Onone";
			};
			name = Debug;
		};
		31D667872360E217001AB63D /* Release */ = {
			isa = XCBuildConfiguration;
			buildSettings = {
				ALWAYS_SEARCH_USER_PATHS = NO;
				CLANG_ANALYZER_NONNULL = YES;
				CLANG_ANALYZER_NUMBER_OBJECT_CONVERSION = YES_AGGRESSIVE;
				CLANG_CXX_LANGUAGE_STANDARD = "gnu++14";
				CLANG_CXX_LIBRARY = "libc++";
				CLANG_ENABLE_MODULES = YES;
				CLANG_ENABLE_OBJC_ARC = YES;
				CLANG_ENABLE_OBJC_WEAK = YES;
				CLANG_WARN_BLOCK_CAPTURE_AUTORELEASING = YES;
				CLANG_WARN_BOOL_CONVERSION = YES;
				CLANG_WARN_COMMA = YES;
				CLANG_WARN_CONSTANT_CONVERSION = YES;
				CLANG_WARN_DEPRECATED_OBJC_IMPLEMENTATIONS = YES;
				CLANG_WARN_DIRECT_OBJC_ISA_USAGE = YES_ERROR;
				CLANG_WARN_DOCUMENTATION_COMMENTS = YES;
				CLANG_WARN_EMPTY_BODY = YES;
				CLANG_WARN_ENUM_CONVERSION = YES;
				CLANG_WARN_INFINITE_RECURSION = YES;
				CLANG_WARN_INT_CONVERSION = YES;
				CLANG_WARN_NON_LITERAL_NULL_CONVERSION = YES;
				CLANG_WARN_OBJC_IMPLICIT_RETAIN_SELF = YES;
				CLANG_WARN_OBJC_LITERAL_CONVERSION = YES;
				CLANG_WARN_OBJC_ROOT_CLASS = YES_ERROR;
				CLANG_WARN_RANGE_LOOP_ANALYSIS = YES;
				CLANG_WARN_STRICT_PROTOTYPES = YES;
				CLANG_WARN_SUSPICIOUS_MOVE = YES;
				CLANG_WARN_UNGUARDED_AVAILABILITY = YES_AGGRESSIVE;
				CLANG_WARN_UNREACHABLE_CODE = YES;
				CLANG_WARN__DUPLICATE_METHOD_MATCH = YES;
				COPY_PHASE_STRIP = NO;
				DEBUG_INFORMATION_FORMAT = "dwarf-with-dsym";
				ENABLE_NS_ASSERTIONS = NO;
				ENABLE_STRICT_OBJC_MSGSEND = YES;
				GCC_C_LANGUAGE_STANDARD = gnu11;
				GCC_NO_COMMON_BLOCKS = YES;
				GCC_WARN_64_TO_32_BIT_CONVERSION = YES;
				GCC_WARN_ABOUT_RETURN_TYPE = YES_ERROR;
				GCC_WARN_UNDECLARED_SELECTOR = YES;
				GCC_WARN_UNINITIALIZED_AUTOS = YES_AGGRESSIVE;
				GCC_WARN_UNUSED_FUNCTION = YES;
				GCC_WARN_UNUSED_VARIABLE = YES;
				IPHONEOS_DEPLOYMENT_TARGET = 13.0;
				MTL_ENABLE_DEBUG_INFO = NO;
				MTL_FAST_MATH = YES;
				SDKROOT = iphoneos;
				SWIFT_COMPILATION_MODE = wholemodule;
				SWIFT_OPTIMIZATION_LEVEL = "-O";
				VALIDATE_PRODUCT = YES;
			};
			name = Release;
		};
		31D667892360E217001AB63D /* Debug */ = {
			isa = XCBuildConfiguration;
			buildSettings = {
				ASSETCATALOG_COMPILER_APPICON_NAME = AppIcon;
				CODE_SIGN_STYLE = Automatic;
				DEVELOPMENT_TEAM = BP4MT8WDNF;
				INFOPLIST_FILE = CalendarificApiExample/Info.plist;
				LD_RUNPATH_SEARCH_PATHS = (
					"$(inherited)",
					"@executable_path/Frameworks",
				);
				PRODUCT_BUNDLE_IDENTIFIER = ru.dmitry.belyaev.CalendarificApiExample;
				PRODUCT_NAME = "$(TARGET_NAME)";
				SWIFT_VERSION = 5.0;
				TARGETED_DEVICE_FAMILY = "1,2";
			};
			name = Debug;
		};
		31D6678A2360E217001AB63D /* Release */ = {
			isa = XCBuildConfiguration;
			buildSettings = {
				ASSETCATALOG_COMPILER_APPICON_NAME = AppIcon;
				CODE_SIGN_STYLE = Automatic;
				DEVELOPMENT_TEAM = BP4MT8WDNF;
				INFOPLIST_FILE = CalendarificApiExample/Info.plist;
				LD_RUNPATH_SEARCH_PATHS = (
					"$(inherited)",
					"@executable_path/Frameworks",
				);
				PRODUCT_BUNDLE_IDENTIFIER = ru.dmitry.belyaev.CalendarificApiExample;
				PRODUCT_NAME = "$(TARGET_NAME)";
				SWIFT_VERSION = 5.0;
				TARGETED_DEVICE_FAMILY = "1,2";
			};
			name = Release;
		};
/* End XCBuildConfiguration section */

/* Begin XCConfigurationList section */
		31D6676F2360E215001AB63D /* Build configuration list for PBXProject "CalendarificApiExample" */ = {
			isa = XCConfigurationList;
			buildConfigurations = (
				31D667862360E217001AB63D /* Debug */,
				31D667872360E217001AB63D /* Release */,
			);
			defaultConfigurationIsVisible = 0;
			defaultConfigurationName = Release;
		};
		31D667882360E217001AB63D /* Build configuration list for PBXNativeTarget "CalendarificApiExample" */ = {
			isa = XCConfigurationList;
			buildConfigurations = (
				31D667892360E217001AB63D /* Debug */,
				31D6678A2360E217001AB63D /* Release */,
			);
			defaultConfigurationIsVisible = 0;
			defaultConfigurationName = Release;
		};
/* End XCConfigurationList section */
	};
	rootObject = 31D6676C2360E215001AB63D /* Project object */;
}
