// !$*UTF8*$!
{
	archiveVersion = 1;
	classes = {
	};
	objectVersion = 50;
	objects = {

/* Begin PBXBuildFile section */
		3130502C210C2D7F00C8E7DF /* AppDelegate.swift in Sources */ = {isa = PBXBuildFile; fileRef = 3130502B210C2D7F00C8E7DF /* AppDelegate.swift */; };
		31305031210C2D7F00C8E7DF /* Main.storyboard in Resources */ = {isa = PBXBuildFile; fileRef = 3130502F210C2D7F00C8E7DF /* Main.storyboard */; };
		31305033210C2D8500C8E7DF /* Assets.xcassets in Resources */ = {isa = PBXBuildFile; fileRef = 31305032210C2D8500C8E7DF /* Assets.xcassets */; };
		31305036210C2D8500C8E7DF /* LaunchScreen.storyboard in Resources */ = {isa = PBXBuildFile; fileRef = 31305034210C2D8500C8E7DF /* LaunchScreen.storyboard */; };
		3130503E210C2E8C00C8E7DF /* TableViewController.swift in Sources */ = {isa = PBXBuildFile; fileRef = 3130503D210C2E8C00C8E7DF /* TableViewController.swift */; };
		31305042210C45AA00C8E7DF /* ViewController.swift in Sources */ = {isa = PBXBuildFile; fileRef = 31305041210C45AA00C8E7DF /* ViewController.swift */; };
/* End PBXBuildFile section */

/* Begin PBXFileReference section */
		31305028210C2D7F00C8E7DF /* 21 - FileManager.app */ = {isa = PBXFileReference; explicitFileType = wrapper.application; includeInIndex = 0; path = "21 - FileManager.app"; sourceTree = BUILT_PRODUCTS_DIR; };
		3130502B210C2D7F00C8E7DF /* AppDelegate.swift */ = {isa = PBXFileReference; lastKnownFileType = sourcecode.swift; path = AppDelegate.swift; sourceTree = "<group>"; };
		31305030210C2D7F00C8E7DF /* Base */ = {isa = PBXFileReference; lastKnownFileType = file.storyboard; name = Base; path = Base.lproj/Main.storyboard; sourceTree = "<group>"; };
		31305032210C2D8500C8E7DF /* Assets.xcassets */ = {isa = PBXFileReference; lastKnownFileType = folder.assetcatalog; path = Assets.xcassets; sourceTree = "<group>"; };
		31305035210C2D8500C8E7DF /* Base */ = {isa = PBXFileReference; lastKnownFileType = file.storyboard; name = Base; path = Base.lproj/LaunchScreen.storyboard; sourceTree = "<group>"; };
		31305037210C2D8500C8E7DF /* Info.plist */ = {isa = PBXFileReference; lastKnownFileType = text.plist.xml; path = Info.plist; sourceTree = "<group>"; };
		3130503D210C2E8C00C8E7DF /* TableViewController.swift */ = {isa = PBXFileReference; lastKnownFileType = sourcecode.swift; path = TableViewController.swift; sourceTree = "<group>"; };
		31305041210C45AA00C8E7DF /* ViewController.swift */ = {isa = PBXFileReference; lastKnownFileType = sourcecode.swift; path = ViewController.swift; sourceTree = "<group>"; };
/* End PBXFileReference section */

/* Begin PBXFrameworksBuildPhase section */
		31305025210C2D7F00C8E7DF /* Frameworks */ = {
			isa = PBXFrameworksBuildPhase;
			buildActionMask = 2147483647;
			files = (
			);
			runOnlyForDeploymentPostprocessing = 0;
		};
/* End PBXFrameworksBuildPhase section */

/* Begin PBXGroup section */
		3130501F210C2D7F00C8E7DF = {
			isa = PBXGroup;
			children = (
				3130502A210C2D7F00C8E7DF /* 21 - FileManager */,
				31305029210C2D7F00C8E7DF /* Products */,
			);
			sourceTree = "<group>";
		};
		31305029210C2D7F00C8E7DF /* Products */ = {
			isa = PBXGroup;
			children = (
				31305028210C2D7F00C8E7DF /* 21 - FileManager.app */,
			);
			name = Products;
			sourceTree = "<group>";
		};
		3130502A210C2D7F00C8E7DF /* 21 - FileManager */ = {
			isa = PBXGroup;
			children = (
				3130502B210C2D7F00C8E7DF /* AppDelegate.swift */,
				31305034210C2D8500C8E7DF /* LaunchScreen.storyboard */,
				3130502F210C2D7F00C8E7DF /* Main.storyboard */,
				31305032210C2D8500C8E7DF /* Assets.xcassets */,
				31305037210C2D8500C8E7DF /* Info.plist */,
				3130503D210C2E8C00C8E7DF /* TableViewController.swift */,
				31305041210C45AA00C8E7DF /* ViewController.swift */,
			);
			path = "21 - FileManager";
			sourceTree = "<group>";
		};
/* End PBXGroup section */

/* Begin PBXNativeTarget section */
		31305027210C2D7F00C8E7DF /* 21 - FileManager */ = {
			isa = PBXNativeTarget;
			buildConfigurationList = 3130503A210C2D8500C8E7DF /* Build configuration list for PBXNativeTarget "21 - FileManager" */;
			buildPhases = (
				31305024210C2D7F00C8E7DF /* Sources */,
				31305025210C2D7F00C8E7DF /* Frameworks */,
				31305026210C2D7F00C8E7DF /* Resources */,
			);
			buildRules = (
			);
			dependencies = (
			);
			name = "21 - FileManager";
			productName = "21 - FileManager";
			productReference = 31305028210C2D7F00C8E7DF /* 21 - FileManager.app */;
			productType = "com.apple.product-type.application";
		};
/* End PBXNativeTarget section */

/* Begin PBXProject section */
		31305020210C2D7F00C8E7DF /* Project object */ = {
			isa = PBXProject;
			attributes = {
				LastSwiftUpdateCheck = 0940;
				LastUpgradeCheck = 0940;
				ORGANIZATIONNAME = "Dmitry Belyaev";
				TargetAttributes = {
					31305027210C2D7F00C8E7DF = {
						CreatedOnToolsVersion = 9.4.1;
					};
				};
			};
			buildConfigurationList = 31305023210C2D7F00C8E7DF /* Build configuration list for PBXProject "21 - FileManager" */;
			compatibilityVersion = "Xcode 9.3";
			developmentRegion = en;
			hasScannedForEncodings = 0;
			knownRegions = (
				en,
				Base,
			);
			mainGroup = 3130501F210C2D7F00C8E7DF;
			productRefGroup = 31305029210C2D7F00C8E7DF /* Products */;
			projectDirPath = "";
			projectRoot = "";
			targets = (
				31305027210C2D7F00C8E7DF /* 21 - FileManager */,
			);
		};
/* End PBXProject section */

/* Begin PBXResourcesBuildPhase section */
		31305026210C2D7F00C8E7DF /* Resources */ = {
			isa = PBXResourcesBuildPhase;
			buildActionMask = 2147483647;
			files = (
				31305036210C2D8500C8E7DF /* LaunchScreen.storyboard in Resources */,
				31305033210C2D8500C8E7DF /* Assets.xcassets in Resources */,
				31305031210C2D7F00C8E7DF /* Main.storyboard in Resources */,
			);
			runOnlyForDeploymentPostprocessing = 0;
		};
/* End PBXResourcesBuildPhase section */

/* Begin PBXSourcesBuildPhase section */
		31305024210C2D7F00C8E7DF /* Sources */ = {
			isa = PBXSourcesBuildPhase;
			buildActionMask = 2147483647;
			files = (
				31305042210C45AA00C8E7DF /* ViewController.swift in Sources */,
				3130502C210C2D7F00C8E7DF /* AppDelegate.swift in Sources */,
				3130503E210C2E8C00C8E7DF /* TableViewController.swift in Sources */,
			);
			runOnlyForDeploymentPostprocessing = 0;
		};
/* End PBXSourcesBuildPhase section */

/* Begin PBXVariantGroup section */
		3130502F210C2D7F00C8E7DF /* Main.storyboard */ = {
			isa = PBXVariantGroup;
			children = (
				31305030210C2D7F00C8E7DF /* Base */,
			);
			name = Main.storyboard;
			sourceTree = "<group>";
		};
		31305034210C2D8500C8E7DF /* LaunchScreen.storyboard */ = {
			isa = PBXVariantGroup;
			children = (
				31305035210C2D8500C8E7DF /* Base */,
			);
			name = LaunchScreen.storyboard;
			sourceTree = "<group>";
		};
/* End PBXVariantGroup section */

/* Begin XCBuildConfiguration section */
		31305038210C2D8500C8E7DF /* Debug */ = {
			isa = XCBuildConfiguration;
			buildSettings = {
				ALWAYS_SEARCH_USER_PATHS = NO;
				CLANG_ANALYZER_NONNULL = YES;
				CLANG_ANALYZER_NUMBER_OBJECT_CONVERSION = YES_AGGRESSIVE;
				CLANG_CXX_LANGUAGE_STANDARD = "gnu++14";
				CLANG_CXX_LIBRARY = "libc++";
				CLANG_ENABLE_MODULES = YES;
				CLANG_ENABLE_OBJC_ARC = YES;
				CLANG_ENABLE_OBJC_WEAK = YES;
				CLANG_WARN_BLOCK_CAPTURE_AUTORELEASING = YES;
				CLANG_WARN_BOOL_CONVERSION = YES;
				CLANG_WARN_COMMA = YES;
				CLANG_WARN_CONSTANT_CONVERSION = YES;
				CLANG_WARN_DEPRECATED_OBJC_IMPLEMENTATIONS = YES;
				CLANG_WARN_DIRECT_OBJC_ISA_USAGE = YES_ERROR;
				CLANG_WARN_DOCUMENTATION_COMMENTS = YES;
				CLANG_WARN_EMPTY_BODY = YES;
				CLANG_WARN_ENUM_CONVERSION = YES;
				CLANG_WARN_INFINITE_RECURSION = YES;
				CLANG_WARN_INT_CONVERSION = YES;
				CLANG_WARN_NON_LITERAL_NULL_CONVERSION = YES;
				CLANG_WARN_OBJC_IMPLICIT_RETAIN_SELF = YES;
				CLANG_WARN_OBJC_LITERAL_CONVERSION = YES;
				CLANG_WARN_OBJC_ROOT_CLASS = YES_ERROR;
				CLANG_WARN_RANGE_LOOP_ANALYSIS = YES;
				CLANG_WARN_STRICT_PROTOTYPES = YES;
				CLANG_WARN_SUSPICIOUS_MOVE = YES;
				CLANG_WARN_UNGUARDED_AVAILABILITY = YES_AGGRESSIVE;
				CLANG_WARN_UNREACHABLE_CODE = YES;
				CLANG_WARN__DUPLICATE_METHOD_MATCH = YES;
				CODE_SIGN_IDENTITY = "iPhone Developer";
				COPY_PHASE_STRIP = NO;
				DEBUG_INFORMATION_FORMAT = dwarf;
				ENABLE_STRICT_OBJC_MSGSEND = YES;
				ENABLE_TESTABILITY = YES;
				GCC_C_LANGUAGE_STANDARD = gnu11;
				GCC_DYNAMIC_NO_PIC = NO;
				GCC_NO_COMMON_BLOCKS = YES;
				GCC_OPTIMIZATION_LEVEL = 0;
				GCC_PREPROCESSOR_DEFINITIONS = (
					"DEBUG=1",
					"$(inherited)",
				);
				GCC_WARN_64_TO_32_BIT_CONVERSION = YES;
				GCC_WARN_ABOUT_RETURN_TYPE = YES_ERROR;
				GCC_WARN_UNDECLARED_SELECTOR = YES;
				GCC_WARN_UNINITIALIZED_AUTOS = YES_AGGRESSIVE;
				GCC_WARN_UNUSED_FUNCTION = YES;
				GCC_WARN_UNUSED_VARIABLE = YES;
				IPHONEOS_DEPLOYMENT_TARGET = 11.4;
				MTL_ENABLE_DEBUG_INFO = YES;
				ONLY_ACTIVE_ARCH = YES;
				SDKROOT = iphoneos;
				SWIFT_ACTIVE_COMPILATION_CONDITIONS = DEBUG;
				SWIFT_OPTIMIZATION_LEVEL = "-Onone";
			};
			name = Debug;
		};
		31305039210C2D8500C8E7DF /* Release */ = {
			isa = XCBuildConfiguration;
			buildSettings = {
				ALWAYS_SEARCH_USER_PATHS = NO;
				CLANG_ANALYZER_NONNULL = YES;
				CLANG_ANALYZER_NUMBER_OBJECT_CONVERSION = YES_AGGRESSIVE;
				CLANG_CXX_LANGUAGE_STANDARD = "gnu++14";
				CLANG_CXX_LIBRARY = "libc++";
				CLANG_ENABLE_MODULES = YES;
				CLANG_ENABLE_OBJC_ARC = YES;
				CLANG_ENABLE_OBJC_WEAK = YES;
				CLANG_WARN_BLOCK_CAPTURE_AUTORELEASING = YES;
				CLANG_WARN_BOOL_CONVERSION = YES;
				CLANG_WARN_COMMA = YES;
				CLANG_WARN_CONSTANT_CONVERSION = YES;
				CLANG_WARN_DEPRECATED_OBJC_IMPLEMENTATIONS = YES;
				CLANG_WARN_DIRECT_OBJC_ISA_USAGE = YES_ERROR;
				CLANG_WARN_DOCUMENTATION_COMMENTS = YES;
				CLANG_WARN_EMPTY_BODY = YES;
				CLANG_WARN_ENUM_CONVERSION = YES;
				CLANG_WARN_INFINITE_RECURSION = YES;
				CLANG_WARN_INT_CONVERSION = YES;
				CLANG_WARN_NON_LITERAL_NULL_CONVERSION = YES;
				CLANG_WARN_OBJC_IMPLICIT_RETAIN_SELF = YES;
				CLANG_WARN_OBJC_LITERAL_CONVERSION = YES;
				CLANG_WARN_OBJC_ROOT_CLASS = YES_ERROR;
				CLANG_WARN_RANGE_LOOP_ANALYSIS = YES;
				CLANG_WARN_STRICT_PROTOTYPES = YES;
				CLANG_WARN_SUSPICIOUS_MOVE = YES;
				CLANG_WARN_UNGUARDED_AVAILABILITY = YES_AGGRESSIVE;
				CLANG_WARN_UNREACHABLE_CODE = YES;
				CLANG_WARN__DUPLICATE_METHOD_MATCH = YES;
				CODE_SIGN_IDENTITY = "iPhone Developer";
				COPY_PHASE_STRIP = NO;
				DEBUG_INFORMATION_FORMAT = "dwarf-with-dsym";
				ENABLE_NS_ASSERTIONS = NO;
				ENABLE_STRICT_OBJC_MSGSEND = YES;
				GCC_C_LANGUAGE_STANDARD = gnu11;
				GCC_NO_COMMON_BLOCKS = YES;
				GCC_WARN_64_TO_32_BIT_CONVERSION = YES;
				GCC_WARN_ABOUT_RETURN_TYPE = YES_ERROR;
				GCC_WARN_UNDECLARED_SELECTOR = YES;
				GCC_WARN_UNINITIALIZED_AUTOS = YES_AGGRESSIVE;
				GCC_WARN_UNUSED_FUNCTION = YES;
				GCC_WARN_UNUSED_VARIABLE = YES;
				IPHONEOS_DEPLOYMENT_TARGET = 11.4;
				MTL_ENABLE_DEBUG_INFO = NO;
				SDKROOT = iphoneos;
				SWIFT_COMPILATION_MODE = wholemodule;
				SWIFT_OPTIMIZATION_LEVEL = "-O";
				VALIDATE_PRODUCT = YES;
			};
			name = Release;
		};
		3130503B210C2D8500C8E7DF /* Debug */ = {
			isa = XCBuildConfiguration;
			buildSettings = {
				ASSETCATALOG_COMPILER_APPICON_NAME = AppIcon;
				CODE_SIGN_STYLE = Automatic;
				DEVELOPMENT_TEAM = BP4MT8WDNF;
				INFOPLIST_FILE = "21 - FileManager/Info.plist";
				LD_RUNPATH_SEARCH_PATHS = (
					"$(inherited)",
					"@executable_path/Frameworks",
				);
				PRODUCT_BUNDLE_IDENTIFIER = "ru.dmitry.belyaev.-1---FileManager";
				PRODUCT_NAME = "$(TARGET_NAME)";
				SWIFT_VERSION = 4.0;
				TARGETED_DEVICE_FAMILY = "1,2";
			};
			name = Debug;
		};
		3130503C210C2D8500C8E7DF /* Release */ = {
			isa = XCBuildConfiguration;
			buildSettings = {
				ASSETCATALOG_COMPILER_APPICON_NAME = AppIcon;
				CODE_SIGN_STYLE = Automatic;
				DEVELOPMENT_TEAM = BP4MT8WDNF;
				INFOPLIST_FILE = "21 - FileManager/Info.plist";
				LD_RUNPATH_SEARCH_PATHS = (
					"$(inherited)",
					"@executable_path/Frameworks",
				);
				PRODUCT_BUNDLE_IDENTIFIER = "ru.dmitry.belyaev.-1---FileManager";
				PRODUCT_NAME = "$(TARGET_NAME)";
				SWIFT_VERSION = 4.0;
				TARGETED_DEVICE_FAMILY = "1,2";
			};
			name = Release;
		};
/* End XCBuildConfiguration section */

/* Begin XCConfigurationList section */
		31305023210C2D7F00C8E7DF /* Build configuration list for PBXProject "21 - FileManager" */ = {
			isa = XCConfigurationList;
			buildConfigurations = (
				31305038210C2D8500C8E7DF /* Debug */,
				31305039210C2D8500C8E7DF /* Release */,
			);
			defaultConfigurationIsVisible = 0;
			defaultConfigurationName = Release;
		};
		3130503A210C2D8500C8E7DF /* Build configuration list for PBXNativeTarget "21 - FileManager" */ = {
			isa = XCConfigurationList;
			buildConfigurations = (
				3130503B210C2D8500C8E7DF /* Debug */,
				3130503C210C2D8500C8E7DF /* Release */,
			);
			defaultConfigurationIsVisible = 0;
			defaultConfigurationName = Release;
		};
/* End XCConfigurationList section */
	};
	rootObject = 31305020210C2D7F00C8E7DF /* Project object */;
}
